<?xml version="1.0" encoding="utf-8"?>
<Project ToolsVersion="4.0" xmlns="http://schemas.microsoft.com/developer/msbuild/2003">
  <ItemGroup>
    <Filter Include="Source Files">
      <UniqueIdentifier>{4FC737F1-C7A5-4376-A066-2A32D752A2FF}</UniqueIdentifier>
      <Extensions>cpp;c;cc;cxx;c++;def;odl;idl;hpj;bat;asm;asmx</Extensions>
    </Filter>
    <Filter Include="Header Files">
      <UniqueIdentifier>{93995380-89BD-4b04-88EB-625FBE52EBFB}</UniqueIdentifier>
      <Extensions>h;hh;hpp;hxx;h++;hm;inl;inc;ipp;xsd</Extensions>
    </Filter>
    <Filter Include="Resource Files">
      <UniqueIdentifier>{67DA6AB6-F800-4c08-8B7A-83BB121AAD01}</UniqueIdentifier>
      <Extensions>rc;ico;cur;bmp;dlg;rc2;rct;bin;rgs;gif;jpg;jpeg;jpe;resx;tiff;tif;png;wav;mfcribbon-ms</Extensions>
    </Filter>
    <Filter Include="Resource Files\TileSheets">
      <UniqueIdentifier>{46258b16-5b93-4040-bfba-7073dab7ae35}</UniqueIdentifier>
    </Filter>
    <Filter Include="tinyxml2">
      <UniqueIdentifier>{2a288630-838e-4940-8289-2a6ba2049f5b}</UniqueIdentifier>
    </Filter>
    <Filter Include="Resource Files\Maps">
      <UniqueIdentifier>{5ebb5279-f288-4e85-8e5e-d074b70535e2}</UniqueIdentifier>
    </Filter>
    <Filter Include="Header Files\ecs">
      <UniqueIdentifier>{caf84b37-cc3b-4684-89f6-a4ac867fbe1b}</UniqueIdentifier>
    </Filter>
    <Filter Include="Source Files\ecs">
      <UniqueIdentifier>{dc22c2eb-7654-4e92-9c23-7d52a3cd40f9}</UniqueIdentifier>
    </Filter>
  </ItemGroup>
  <ItemGroup>
    <ClCompile Include="src\main.cpp">
      <Filter>Source Files</Filter>
    </ClCompile>
    <ClCompile Include="src\graphics.cpp">
      <Filter>Source Files</Filter>
    </ClCompile>
    <ClCompile Include="src\game.cpp">
      <Filter>Source Files</Filter>
    </ClCompile>
    <ClCompile Include="tinyxml2\tinyxml2.cpp">
      <Filter>tinyxml2</Filter>
    </ClCompile>
    <ClCompile Include="src\tmxparser.cpp">
      <Filter>Source Files</Filter>
    </ClCompile>
    <ClCompile Include="src\tilemap.cpp">
      <Filter>Source Files</Filter>
    </ClCompile>
    <ClCompile Include="src\texture.cpp">
      <Filter>Source Files</Filter>
    </ClCompile>
    <ClCompile Include="src\input.cpp">
      <Filter>Source Files</Filter>
    </ClCompile>
    <ClCompile Include="src\systemevents.cpp">
      <Filter>Source Files</Filter>
    </ClCompile>
    <ClCompile Include="src\ecs\playersystem.cpp">
      <Filter>Source Files\ecs</Filter>
    </ClCompile>
    <ClCompile Include="src\ecs\positionupdatesystem.cpp">
      <Filter>Source Files\ecs</Filter>
    </ClCompile>
    <ClCompile Include="src\ecs\spritesystem.cpp">
      <Filter>Source Files\ecs</Filter>
    </ClCompile>
    <ClCompile Include="src\ecs\ecs.cpp">
      <Filter>Source Files\ecs</Filter>
    </ClCompile>
    <ClCompile Include="src\gameview.cpp">
      <Filter>Source Files</Filter>
    </ClCompile>
    <ClCompile Include="src\ecs\animationsystem.cpp">
      <Filter>Source Files\ecs</Filter>
    </ClCompile>
    <ClCompile Include="src\ecs\collisionsystem.cpp">
      <Filter>Source Files\ecs</Filter>
    </ClCompile>
    <ClCompile Include="src\ecs\damagesystem.cpp">
      <Filter>Source Files\ecs</Filter>
    </ClCompile>
    <ClCompile Include="src\ecs\movement.cpp">
      <Filter>Source Files\ecs</Filter>
    </ClCompile>
    <ClCompile Include="src\ecs\statesystem.cpp">
      <Filter>Source Files\ecs</Filter>
    </ClCompile>
    <ClCompile Include="src\ecs\entitymanager.cpp">
      <Filter>Source Files\ecs</Filter>
    </ClCompile>
    <ClCompile Include="src\ability.cpp">
      <Filter>Source Files</Filter>
    </ClCompile>
    <ClCompile Include="src\abilityeffect.cpp">
      <Filter>Source Files</Filter>
    </ClCompile>
    <ClCompile Include="src\ecs\abilitymanager.cpp">
      <Filter>Source Files\ecs</Filter>
    </ClCompile>
    <ClCompile Include="src\ecs\aisystem.cpp">
      <Filter>Source Files\ecs</Filter>
    </ClCompile>
  </ItemGroup>
  <ItemGroup>
    <ClInclude Include="headers\game.h">
      <Filter>Header Files</Filter>
    </ClInclude>
    <ClInclude Include="headers\graphics.h">
      <Filter>Header Files</Filter>
    </ClInclude>
    <ClInclude Include="tinyxml2\tinyxml2.h">
      <Filter>tinyxml2</Filter>
    </ClInclude>
    <ClInclude Include="headers\tmxparser.h">
      <Filter>Header Files</Filter>
    </ClInclude>
    <ClInclude Include="headers\tilemap.h">
      <Filter>Header Files</Filter>
    </ClInclude>
    <ClInclude Include="headers\rectangle.h">
      <Filter>Header Files</Filter>
    </ClInclude>
    <ClInclude Include="headers\texture.h">
      <Filter>Header Files</Filter>
    </ClInclude>
    <ClInclude Include="headers\eventmanager.h">
      <Filter>Header Files</Filter>
    </ClInclude>
    <ClInclude Include="headers\event.h">
      <Filter>Header Files</Filter>
    </ClInclude>
    <ClInclude Include="headers\input.h">
      <Filter>Header Files</Filter>
    </ClInclude>
    <ClInclude Include="headers\enums.h">
      <Filter>Header Files</Filter>
    </ClInclude>
    <ClInclude Include="headers\systemevents.h">
      <Filter>Header Files</Filter>
    </ClInclude>
    <ClInclude Include="headers\ecs\component.h">
      <Filter>Header Files\ecs</Filter>
    </ClInclude>
    <ClInclude Include="headers\ecs\componentmanager.h">
      <Filter>Header Files\ecs</Filter>
    </ClInclude>
    <ClInclude Include="headers\ecs\playersystem.h">
      <Filter>Header Files\ecs</Filter>
    </ClInclude>
    <ClInclude Include="headers\ecs\positionupdatesystem.h">
      <Filter>Header Files\ecs</Filter>
    </ClInclude>
    <ClInclude Include="headers\ecs\spritesystem.h">
      <Filter>Header Files\ecs</Filter>
    </ClInclude>
    <ClInclude Include="headers\ecs\ecs.h">
      <Filter>Header Files\ecs</Filter>
    </ClInclude>
    <ClInclude Include="headers\gameview.h">
      <Filter>Header Files</Filter>
    </ClInclude>
    <ClInclude Include="headers\ecs\animationsystem.h">
      <Filter>Header Files\ecs</Filter>
    </ClInclude>
    <ClInclude Include="headers\ecs\collisionsystem.h">
      <Filter>Header Files\ecs</Filter>
    </ClInclude>
    <ClInclude Include="headers\config.h">
      <Filter>Header Files</Filter>
    </ClInclude>
    <ClInclude Include="headers\ecs\damagesystem.h">
      <Filter>Header Files\ecs</Filter>
    </ClInclude>
    <ClInclude Include="headers\ecs\system.h">
      <Filter>Header Files\ecs</Filter>
    </ClInclude>
    <ClInclude Include="headers\ecs\movement.h">
      <Filter>Header Files\ecs</Filter>
    </ClInclude>
    <ClInclude Include="headers\ecs\statesystem.h">
      <Filter>Header Files\ecs</Filter>
    </ClInclude>
    <ClInclude Include="headers\ecs\entitymanager.h">
      <Filter>Header Files\ecs</Filter>
    </ClInclude>
    <ClInclude Include="headers\ability.h">
      <Filter>Header Files</Filter>
    </ClInclude>
    <ClInclude Include="headers\abilityeffect.h">
      <Filter>Header Files</Filter>
    </ClInclude>
    <ClInclude Include="headers\ecs\abilitymanager.h">
      <Filter>Header Files\ecs</Filter>
    </ClInclude>
    <ClInclude Include="headers\ecs\entitydata.h">
      <Filter>Header Files\ecs</Filter>
    </ClInclude>
    <ClInclude Include="headers\ecs\aisystem.h">
      <Filter>Header Files\ecs</Filter>
    </ClInclude>
  </ItemGroup>
  <ItemGroup>
    <Image Include="content\tilesheets\1bit.png">
      <Filter>Resource Files\TileSheets</Filter>
    </Image>
  </ItemGroup>
  <ItemGroup>
    <None Include="content\maps\sample_fantasy.tmx">
      <Filter>Resource Files\Maps</Filter>
    </None>
    <None Include="content\maps\tileset_colored.tsx">
      <Filter>Resource Files\Maps</Filter>
    </None>
  </ItemGroup>
</Project>